{
  "name": "osmtu-programming",
  "version": "1.0.0",
  "lockfileVersion": 2,
  "requires": true,
  "packages": {
    "": {
      "name": "osmtu-programming",
      "version": "1.0.0",
      "license": "ISC",
      "dependencies": {
        "ts-luxon": "^4.2.2"
      },
      "devDependencies": {
        "typescript": "^5.0.4"
      }
    },
    "node_modules/ts-luxon": {
      "version": "4.2.2",
      "resolved": "https://registry.npmjs.org/ts-luxon/-/ts-luxon-4.2.2.tgz",
      "integrity": "sha512-R5MaJMKhYIrICJIP5TS3LP7OKAxhHPVHMZhiuFMjiK6m4TV67jdYh4k6/j9I0UqaQg/ML0bmG8uBPK9Ssx3LKg==",
      "engines": {
        "node": ">=13"
      }
    },
    "node_modules/typescript": {
      "version": "5.0.4",
      "resolved": "https://registry.npmjs.org/typescript/-/typescript-5.0.4.tgz",
      "integrity": "sha512-cW9T5W9xY37cc+jfEnaUvX91foxtHkza3Nw3wkoF4sSlKn0MONdkdEndig/qPBWXNkmplh3NzayQzCiHM4/hqw==",
      "dev": true,
      "bin": {
        "tsc": "bin/tsc",
        "tsserver": "bin/tsserver"
      },
      "engines": {
        "node": ">=12.20"
      }
    }
  },
  "dependencies": {
    "ts-luxon": {
      "version": "4.2.2",
      "resolved": "https://registry.npmjs.org/ts-luxon/-/ts-luxon-4.2.2.tgz",
      "integrity": "sha512-R5MaJMKhYIrICJIP5TS3LP7OKAxhHPVHMZhiuFMjiK6m4TV67jdYh4k6/j9I0UqaQg/ML0bmG8uBPK9Ssx3LKg=="
    },
    "typescript": {
      "version": "5.0.4",
      "resolved": "https://registry.npmjs.org/typescript/-/typescript-5.0.4.tgz",
      "integrity": "sha512-cW9T5W9xY37cc+jfEnaUvX91foxtHkza3Nw3wkoF4sSlKn0MONdkdEndig/qPBWXNkmplh3NzayQzCiHM4/hqw==",
      "dev": true
    }
  }
}
